{
  "requires": true,
  "lockfileVersion": 1,
  "dependencies": {
    "jQuery": {
      "version": "1.7.4",
      "resolved": "https://registry.npmjs.org/jQuery/-/jQuery-1.7.4.tgz",
      "integrity": "sha1-8y3FyFpwRO6GS0RDue5F+UeLoTc="
    },
    "jquery-color": {
      "version": "1.0.0",
      "resolved": "https://registry.npmjs.org/jquery-color/-/jquery-color-1.0.0.tgz",
      "integrity": "sha1-ADq6mIpvLSHZY9Hy7uts28gEcfE=",
      "requires": {
        "jQuery": "^1.7.4"
      }
    },
    "jquery-ui": {
      "version": "1.12.1",
      "resolved": "https://registry.npmjs.org/jquery-ui/-/jquery-ui-1.12.1.tgz",
      "integrity": "sha1-vLQEXI3QU5wTS8FIjN0+dop6nlE="
    },
    "lazyload": {
      "version": "2.0.0-rc.2",
      "resolved": "https://registry.npmjs.org/lazyload/-/lazyload-2.0.0-rc.2.tgz",
      "integrity": "sha512-v3OKwYrKHX09eAyeAmkpvVCF5qWZo8rxERT9AVOUFaRwlTIuCyMYVBfHYSra1uyBdKDEHnUkvpZTLgNWI9Y7lA=="
    }
  }
}
